// !$*UTF8*$!
{
	archiveVersion = 1;
	classes = {
	};
	objectVersion = 55;
	objects = {

/* Begin PBXBuildFile section */
		65A9C1EC28638EF900087215 /* AppDelegate.m in Sources */ = {isa = PBXBuildFile; fileRef = 65A9C1EB28638EF900087215 /* AppDelegate.m */; };
		65A9C1EF28638EF900087215 /* SceneDelegate.m in Sources */ = {isa = PBXBuildFile; fileRef = 65A9C1EE28638EF900087215 /* SceneDelegate.m */; };
		65A9C1F228638EF900087215 /* ViewController.m in Sources */ = {isa = PBXBuildFile; fileRef = 65A9C1F128638EF900087215 /* ViewController.m */; };
		65A9C1F528638EF900087215 /* Main.storyboard in Resources */ = {isa = PBXBuildFile; fileRef = 65A9C1F328638EF900087215 /* Main.storyboard */; };
		65A9C1F728638EFF00087215 /* Assets.xcassets in Resources */ = {isa = PBXBuildFile; fileRef = 65A9C1F628638EFF00087215 /* Assets.xcassets */; };
		65A9C1FA28638EFF00087215 /* LaunchScreen.storyboard in Resources */ = {isa = PBXBuildFile; fileRef = 65A9C1F828638EFF00087215 /* LaunchScreen.storyboard */; };
		65A9C1FD28638EFF00087215 /* main.m in Sources */ = {isa = PBXBuildFile; fileRef = 65A9C1FC28638EFF00087215 /* main.m */; };
		65A9C20528638F4B00087215 /* Person.m in Sources */ = {isa = PBXBuildFile; fileRef = 65A9C20428638F4B00087215 /* Person.m */; };
/* End PBXBuildFile section */

/* Begin PBXFileReference section */
		65A9C1E728638EF900087215 /* MemoryDemo.app */ = {isa = PBXFileReference; explicitFileType = wrapper.application; includeInIndex = 0; path = MemoryDemo.app; sourceTree = BUILT_PRODUCTS_DIR; };
		65A9C1EA28638EF900087215 /* AppDelegate.h */ = {isa = PBXFileReference; lastKnownFileType = sourcecode.c.h; path = AppDelegate.h; sourceTree = "<group>"; };
		65A9C1EB28638EF900087215 /* AppDelegate.m */ = {isa = PBXFileReference; lastKnownFileType = sourcecode.c.objc; path = AppDelegate.m; sourceTree = "<group>"; };
		65A9C1ED28638EF900087215 /* SceneDelegate.h */ = {isa = PBXFileReference; lastKnownFileType = sourcecode.c.h; path = SceneDelegate.h; sourceTree = "<group>"; };
		65A9C1EE28638EF900087215 /* SceneDelegate.m */ = {isa = PBXFileReference; lastKnownFileType = sourcecode.c.objc; path = SceneDelegate.m; sourceTree = "<group>"; };
		65A9C1F028638EF900087215 /* ViewController.h */ = {isa = PBXFileReference; lastKnownFileType = sourcecode.c.h; path = ViewController.h; sourceTree = "<group>"; };
		65A9C1F128638EF900087215 /* ViewController.m */ = {isa = PBXFileReference; lastKnownFileType = sourcecode.c.objc; path = ViewController.m; sourceTree = "<group>"; };
		65A9C1F428638EF900087215 /* Base */ = {isa = PBXFileReference; lastKnownFileType = file.storyboard; name = Base; path = Base.lproj/Main.storyboard; sourceTree = "<group>"; };
		65A9C1F628638EFF00087215 /* Assets.xcassets */ = {isa = PBXFileReference; lastKnownFileType = folder.assetcatalog; path = Assets.xcassets; sourceTree = "<group>"; };
		65A9C1F928638EFF00087215 /* Base */ = {isa = PBXFileReference; lastKnownFileType = file.storyboard; name = Base; path = Base.lproj/LaunchScreen.storyboard; sourceTree = "<group>"; };
		65A9C1FB28638EFF00087215 /* Info.plist */ = {isa = PBXFileReference; lastKnownFileType = text.plist.xml; path = Info.plist; sourceTree = "<group>"; };
		65A9C1FC28638EFF00087215 /* main.m */ = {isa = PBXFileReference; lastKnownFileType = sourcecode.c.objc; path = main.m; sourceTree = "<group>"; };
		65A9C20328638F4B00087215 /* Person.h */ = {isa = PBXFileReference; lastKnownFileType = sourcecode.c.h; path = Person.h; sourceTree = "<group>"; };
		65A9C20428638F4B00087215 /* Person.m */ = {isa = PBXFileReference; lastKnownFileType = sourcecode.c.objc; path = Person.m; sourceTree = "<group>"; };
/* End PBXFileReference section */

/* Begin PBXFrameworksBuildPhase section */
		65A9C1E428638EF900087215 /* Frameworks */ = {
			isa = PBXFrameworksBuildPhase;
			buildActionMask = 2147483647;
			files = (
			);
			runOnlyForDeploymentPostprocessing = 0;
		};
/* End PBXFrameworksBuildPhase section */

/* Begin PBXGroup section */
		65A9C1DE28638EF900087215 = {
			isa = PBXGroup;
			children = (
				65A9C1E928638EF900087215 /* MemoryDemo */,
				65A9C1E828638EF900087215 /* Products */,
			);
			sourceTree = "<group>";
		};
		65A9C1E828638EF900087215 /* Products */ = {
			isa = PBXGroup;
			children = (
				65A9C1E728638EF900087215 /* MemoryDemo.app */,
			);
			name = Products;
			sourceTree = "<group>";
		};
		65A9C1E928638EF900087215 /* MemoryDemo */ = {
			isa = PBXGroup;
			children = (
				65A9C1EA28638EF900087215 /* AppDelegate.h */,
				65A9C1EB28638EF900087215 /* AppDelegate.m */,
				65A9C1ED28638EF900087215 /* SceneDelegate.h */,
				65A9C1EE28638EF900087215 /* SceneDelegate.m */,
				65A9C1F028638EF900087215 /* ViewController.h */,
				65A9C1F128638EF900087215 /* ViewController.m */,
				65A9C20328638F4B00087215 /* Person.h */,
				65A9C20428638F4B00087215 /* Person.m */,
				65A9C1F328638EF900087215 /* Main.storyboard */,
				65A9C1F628638EFF00087215 /* Assets.xcassets */,
				65A9C1F828638EFF00087215 /* LaunchScreen.storyboard */,
				65A9C1FB28638EFF00087215 /* Info.plist */,
				65A9C1FC28638EFF00087215 /* main.m */,
			);
			path = MemoryDemo;
			sourceTree = "<group>";
		};
/* End PBXGroup section */

/* Begin PBXNativeTarget section */
		65A9C1E628638EF900087215 /* MemoryDemo */ = {
			isa = PBXNativeTarget;
			buildConfigurationList = 65A9C20028638EFF00087215 /* Build configuration list for PBXNativeTarget "MemoryDemo" */;
			buildPhases = (
				65A9C1E328638EF900087215 /* Sources */,
				65A9C1E428638EF900087215 /* Frameworks */,
				65A9C1E528638EF900087215 /* Resources */,
			);
			buildRules = (
			);
			dependencies = (
			);
			name = MemoryDemo;
			productName = MemoryDemo;
			productReference = 65A9C1E728638EF900087215 /* MemoryDemo.app */;
			productType = "com.apple.product-type.application";
		};
/* End PBXNativeTarget section */

/* Begin PBXProject section */
		65A9C1DF28638EF900087215 /* Project object */ = {
			isa = PBXProject;
			attributes = {
				BuildIndependentTargetsInParallel = 1;
				LastUpgradeCheck = 1300;
				TargetAttributes = {
					65A9C1E628638EF900087215 = {
						CreatedOnToolsVersion = 13.0;
					};
				};
			};
			buildConfigurationList = 65A9C1E228638EF900087215 /* Build configuration list for PBXProject "MemoryDemo" */;
			compatibilityVersion = "Xcode 13.0";
			developmentRegion = en;
			hasScannedForEncodings = 0;
			knownRegions = (
				en,
				Base,
			);
			mainGroup = 65A9C1DE28638EF900087215;
			productRefGroup = 65A9C1E828638EF900087215 /* Products */;
			projectDirPath = "";
			projectRoot = "";
			targets = (
				65A9C1E628638EF900087215 /* MemoryDemo */,
			);
		};
/* End PBXProject section */

/* Begin PBXResourcesBuildPhase section */
		65A9C1E528638EF900087215 /* Resources */ = {
			isa = PBXResourcesBuildPhase;
			buildActionMask = 2147483647;
			files = (
				65A9C1FA28638EFF00087215 /* LaunchScreen.storyboard in Resources */,
				65A9C1F728638EFF00087215 /* Assets.xcassets in Resources */,
				65A9C1F528638EF900087215 /* Main.storyboard in Resources */,
			);
			runOnlyForDeploymentPostprocessing = 0;
		};
/* End PBXResourcesBuildPhase section */

/* Begin PBXSourcesBuildPhase section */
		65A9C1E328638EF900087215 /* Sources */ = {
			isa = PBXSourcesBuildPhase;
			buildActionMask = 2147483647;
			files = (
				65A9C1F228638EF900087215 /* ViewController.m in Sources */,
				65A9C1EC28638EF900087215 /* AppDelegate.m in Sources */,
				65A9C20528638F4B00087215 /* Person.m in Sources */,
				65A9C1FD28638EFF00087215 /* main.m in Sources */,
				65A9C1EF28638EF900087215 /* SceneDelegate.m in Sources */,
			);
			runOnlyForDeploymentPostprocessing = 0;
		};
/* End PBXSourcesBuildPhase section */

/* Begin PBXVariantGroup section */
		65A9C1F328638EF900087215 /* Main.storyboard */ = {
			isa = PBXVariantGroup;
			children = (
				65A9C1F428638EF900087215 /* Base */,
			);
			name = Main.storyboard;
			sourceTree = "<group>";
		};
		65A9C1F828638EFF00087215 /* LaunchScreen.storyboard */ = {
			isa = PBXVariantGroup;
			children = (
				65A9C1F928638EFF00087215 /* Base */,
			);
			name = LaunchScreen.storyboard;
			sourceTree = "<group>";
		};
/* End PBXVariantGroup section */

/* Begin XCBuildConfiguration section */
		65A9C1FE28638EFF00087215 /* Debug */ = {
			isa = XCBuildConfiguration;
			buildSettings = {
				ALWAYS_SEARCH_USER_PATHS = NO;
				CLANG_ANALYZER_NONNULL = YES;
				CLANG_ANALYZER_NUMBER_OBJECT_CONVERSION = YES_AGGRESSIVE;
				CLANG_CXX_LANGUAGE_STANDARD = "gnu++17";
				CLANG_CXX_LIBRARY = "libc++";
				CLANG_ENABLE_MODULES = YES;
				CLANG_ENABLE_OBJC_ARC = YES;
				CLANG_ENABLE_OBJC_WEAK = YES;
				CLANG_WARN_BLOCK_CAPTURE_AUTORELEASING = YES;
				CLANG_WARN_BOOL_CONVERSION = YES;
				CLANG_WARN_COMMA = YES;
				CLANG_WARN_CONSTANT_CONVERSION = YES;
				CLANG_WARN_DEPRECATED_OBJC_IMPLEMENTATIONS = YES;
				CLANG_WARN_DIRECT_OBJC_ISA_USAGE = YES_ERROR;
				CLANG_WARN_DOCUMENTATION_COMMENTS = YES;
				CLANG_WARN_EMPTY_BODY = YES;
				CLANG_WARN_ENUM_CONVERSION = YES;
				CLANG_WARN_INFINITE_RECURSION = YES;
				CLANG_WARN_INT_CONVERSION = YES;
				CLANG_WARN_NON_LITERAL_NULL_CONVERSION = YES;
				CLANG_WARN_OBJC_IMPLICIT_RETAIN_SELF = YES;
				CLANG_WARN_OBJC_LITERAL_CONVERSION = YES;
				CLANG_WARN_OBJC_ROOT_CLASS = YES_ERROR;
				CLANG_WARN_QUOTED_INCLUDE_IN_FRAMEWORK_HEADER = YES;
				CLANG_WARN_RANGE_LOOP_ANALYSIS = YES;
				CLANG_WARN_STRICT_PROTOTYPES = YES;
				CLANG_WARN_SUSPICIOUS_MOVE = YES;
				CLANG_WARN_UNGUARDED_AVAILABILITY = YES_AGGRESSIVE;
				CLANG_WARN_UNREACHABLE_CODE = YES;
				CLANG_WARN__DUPLICATE_METHOD_MATCH = YES;
				COPY_PHASE_STRIP = NO;
				DEBUG_INFORMATION_FORMAT = dwarf;
				ENABLE_STRICT_OBJC_MSGSEND = YES;
				ENABLE_TESTABILITY = YES;
				GCC_C_LANGUAGE_STANDARD = gnu11;
				GCC_DYNAMIC_NO_PIC = NO;
				GCC_NO_COMMON_BLOCKS = YES;
				GCC_OPTIMIZATION_LEVEL = 0;
				GCC_PREPROCESSOR_DEFINITIONS = (
					"DEBUG=1",
					"$(inherited)",
				);
				GCC_WARN_64_TO_32_BIT_CONVERSION = YES;
				GCC_WARN_ABOUT_RETURN_TYPE = YES_ERROR;
				GCC_WARN_UNDECLARED_SELECTOR = YES;
				GCC_WARN_UNINITIALIZED_AUTOS = YES_AGGRESSIVE;
				GCC_WARN_UNUSED_FUNCTION = YES;
				GCC_WARN_UNUSED_VARIABLE = YES;
				IPHONEOS_DEPLOYMENT_TARGET = 15.0;
				MTL_ENABLE_DEBUG_INFO = INCLUDE_SOURCE;
				MTL_FAST_MATH = YES;
				ONLY_ACTIVE_ARCH = YES;
				SDKROOT = iphoneos;
			};
			name = Debug;
		};
		65A9C1FF28638EFF00087215 /* Release */ = {
			isa = XCBuildConfiguration;
			buildSettings = {
				ALWAYS_SEARCH_USER_PATHS = NO;
				CLANG_ANALYZER_NONNULL = YES;
				CLANG_ANALYZER_NUMBER_OBJECT_CONVERSION = YES_AGGRESSIVE;
				CLANG_CXX_LANGUAGE_STANDARD = "gnu++17";
				CLANG_CXX_LIBRARY = "libc++";
				CLANG_ENABLE_MODULES = YES;
				CLANG_ENABLE_OBJC_ARC = YES;
				CLANG_ENABLE_OBJC_WEAK = YES;
				CLANG_WARN_BLOCK_CAPTURE_AUTORELEASING = YES;
				CLANG_WARN_BOOL_CONVERSION = YES;
				CLANG_WARN_COMMA = YES;
				CLANG_WARN_CONSTANT_CONVERSION = YES;
				CLANG_WARN_DEPRECATED_OBJC_IMPLEMENTATIONS = YES;
				CLANG_WARN_DIRECT_OBJC_ISA_USAGE = YES_ERROR;
				CLANG_WARN_DOCUMENTATION_COMMENTS = YES;
				CLANG_WARN_EMPTY_BODY = YES;
				CLANG_WARN_ENUM_CONVERSION = YES;
				CLANG_WARN_INFINITE_RECURSION = YES;
				CLANG_WARN_INT_CONVERSION = YES;
				CLANG_WARN_NON_LITERAL_NULL_CONVERSION = YES;
				CLANG_WARN_OBJC_IMPLICIT_RETAIN_SELF = YES;
				CLANG_WARN_OBJC_LITERAL_CONVERSION = YES;
				CLANG_WARN_OBJC_ROOT_CLASS = YES_ERROR;
				CLANG_WARN_QUOTED_INCLUDE_IN_FRAMEWORK_HEADER = YES;
				CLANG_WARN_RANGE_LOOP_ANALYSIS = YES;
				CLANG_WARN_STRICT_PROTOTYPES = YES;
				CLANG_WARN_SUSPICIOUS_MOVE = YES;
				CLANG_WARN_UNGUARDED_AVAILABILITY = YES_AGGRESSIVE;
				CLANG_WARN_UNREACHABLE_CODE = YES;
				CLANG_WARN__DUPLICATE_METHOD_MATCH = YES;
				COPY_PHASE_STRIP = NO;
				DEBUG_INFORMATION_FORMAT = "dwarf-with-dsym";
				ENABLE_NS_ASSERTIONS = NO;
				ENABLE_STRICT_OBJC_MSGSEND = YES;
				GCC_C_LANGUAGE_STANDARD = gnu11;
				GCC_NO_COMMON_BLOCKS = YES;
				GCC_WARN_64_TO_32_BIT_CONVERSION = YES;
				GCC_WARN_ABOUT_RETURN_TYPE = YES_ERROR;
				GCC_WARN_UNDECLARED_SELECTOR = YES;
				GCC_WARN_UNINITIALIZED_AUTOS = YES_AGGRESSIVE;
				GCC_WARN_UNUSED_FUNCTION = YES;
				GCC_WARN_UNUSED_VARIABLE = YES;
				IPHONEOS_DEPLOYMENT_TARGET = 15.0;
				MTL_ENABLE_DEBUG_INFO = NO;
				MTL_FAST_MATH = YES;
				SDKROOT = iphoneos;
				VALIDATE_PRODUCT = YES;
			};
			name = Release;
		};
		65A9C20128638EFF00087215 /* Debug */ = {
			isa = XCBuildConfiguration;
			buildSettings = {
				ASSETCATALOG_COMPILER_APPICON_NAME = AppIcon;
				ASSETCATALOG_COMPILER_GLOBAL_ACCENT_COLOR_NAME = AccentColor;
				CODE_SIGN_STYLE = Automatic;
				CURRENT_PROJECT_VERSION = 1;
				DEVELOPMENT_TEAM = 75UDSD95AC;
				GENERATE_INFOPLIST_FILE = YES;
				INFOPLIST_FILE = MemoryDemo/Info.plist;
				INFOPLIST_KEY_UIApplicationSupportsIndirectInputEvents = YES;
				INFOPLIST_KEY_UILaunchStoryboardName = LaunchScreen;
				INFOPLIST_KEY_UIMainStoryboardFile = Main;
				INFOPLIST_KEY_UISupportedInterfaceOrientations_iPad = "UIInterfaceOrientationPortrait UIInterfaceOrientationPortraitUpsideDown UIInterfaceOrientationLandscapeLeft UIInterfaceOrientationLandscapeRight";
				INFOPLIST_KEY_UISupportedInterfaceOrientations_iPhone = "UIInterfaceOrientationPortrait UIInterfaceOrientationLandscapeLeft UIInterfaceOrientationLandscapeRight";
				LD_RUNPATH_SEARCH_PATHS = (
					"$(inherited)",
					"@executable_path/Frameworks",
				);
				MARKETING_VERSION = 1.0;
				PRODUCT_BUNDLE_IDENTIFIER = ChineseFirstKeng.MemoryDemo;
				PRODUCT_NAME = "$(TARGET_NAME)";
				SWIFT_EMIT_LOC_STRINGS = YES;
				TARGETED_DEVICE_FAMILY = "1,2";
			};
			name = Debug;
		};
		65A9C20228638EFF00087215 /* Release */ = {
			isa = XCBuildConfiguration;
			buildSettings = {
				ASSETCATALOG_COMPILER_APPICON_NAME = AppIcon;
				ASSETCATALOG_COMPILER_GLOBAL_ACCENT_COLOR_NAME = AccentColor;
				CODE_SIGN_STYLE = Automatic;
				CURRENT_PROJECT_VERSION = 1;
				DEVELOPMENT_TEAM = 75UDSD95AC;
				GENERATE_INFOPLIST_FILE = YES;
				INFOPLIST_FILE = MemoryDemo/Info.plist;
				INFOPLIST_KEY_UIApplicationSupportsIndirectInputEvents = YES;
				INFOPLIST_KEY_UILaunchStoryboardName = LaunchScreen;
				INFOPLIST_KEY_UIMainStoryboardFile = Main;
				INFOPLIST_KEY_UISupportedInterfaceOrientations_iPad = "UIInterfaceOrientationPortrait UIInterfaceOrientationPortraitUpsideDown UIInterfaceOrientationLandscapeLeft UIInterfaceOrientationLandscapeRight";
				INFOPLIST_KEY_UISupportedInterfaceOrientations_iPhone = "UIInterfaceOrientationPortrait UIInterfaceOrientationLandscapeLeft UIInterfaceOrientationLandscapeRight";
				LD_RUNPATH_SEARCH_PATHS = (
					"$(inherited)",
					"@executable_path/Frameworks",
				);
				MARKETING_VERSION = 1.0;
				PRODUCT_BUNDLE_IDENTIFIER = ChineseFirstKeng.MemoryDemo;
				PRODUCT_NAME = "$(TARGET_NAME)";
				SWIFT_EMIT_LOC_STRINGS = YES;
				TARGETED_DEVICE_FAMILY = "1,2";
			};
			name = Release;
		};
/* End XCBuildConfiguration section */

/* Begin XCConfigurationList section */
		65A9C1E228638EF900087215 /* Build configuration list for PBXProject "MemoryDemo" */ = {
			isa = XCConfigurationList;
			buildConfigurations = (
				65A9C1FE28638EFF00087215 /* Debug */,
				65A9C1FF28638EFF00087215 /* Release */,
			);
			defaultConfigurationIsVisible = 0;
			defaultConfigurationName = Release;
		};
		65A9C20028638EFF00087215 /* Build configuration list for PBXNativeTarget "MemoryDemo" */ = {
			isa = XCConfigurationList;
			buildConfigurations = (
				65A9C20128638EFF00087215 /* Debug */,
				65A9C20228638EFF00087215 /* Release */,
			);
			defaultConfigurationIsVisible = 0;
			defaultConfigurationName = Release;
		};
/* End XCConfigurationList section */
	};
	rootObject = 65A9C1DF28638EF900087215 /* Project object */;
}
